
Microsoft Visual Studio Solution File, Format Version 12.00
# Visual Studio Version 16
VisualStudioVersion = 16.0.30717.126
MinimumVisualStudioVersion = 10.0.40219.1
Project("{9A19103F-16F7-4668-BE54-9A1E7A4F7556}") = "JavnaNabava", "JavnaNabava\JavnaNabava.csproj", "{D4D5A2A7-426C-4402-9312-0B3BAF4B0C6F}"
EndProject
Global
	GlobalSection(SolutionConfigurationPlatforms) = preSolution
		Debug|Any CPU = Debug|Any CPU
		Release|Any CPU = Release|Any CPU
	EndGlobalSection
	GlobalSection(ProjectConfigurationPlatforms) = postSolution
		{D4D5A2A7-426C-4402-9312-0B3BAF4B0C6F}.Debug|Any CPU.ActiveCfg = Debug|Any CPU
		{D4D5A2A7-426C-4402-9312-0B3BAF4B0C6F}.Debug|Any CPU.Build.0 = Debug|Any CPU
		{D4D5A2A7-426C-4402-9312-0B3BAF4B0C6F}.Release|Any CPU.ActiveCfg = Release|Any CPU
		{D4D5A2A7-426C-4402-9312-0B3BAF4B0C6F}.Release|Any CPU.Build.0 = Release|Any CPU
	EndGlobalSection
	GlobalSection(SolutionProperties) = preSolution
		HideSolutionNode = FALSE
	EndGlobalSection
	GlobalSection(ExtensibilityGlobals) = postSolution
		SolutionGuid = {2226A545-E8C7-4506-A270-7780D70801E9}
	EndGlobalSection
EndGlobal
